
Microsoft Visual Studio Solution File, Format Version 12.00
# Visual Studio 15
VisualStudioVersion = 15.0.27130.0
MinimumVisualStudioVersion = 10.0.40219.1
Project("{FAE04EC0-301F-11D3-BF4B-00C04F79EFBC}") = "TestLab1", "TestLab1\TestLab1.csproj", "{EF7B152D-7B1D-4260-BD6A-CBAD9F3283C3}"
EndProject
Global
	GlobalSection(SolutionConfigurationPlatforms) = preSolution
		Debug|Any CPU = Debug|Any CPU
		Release|Any CPU = Release|Any CPU
	EndGlobalSection
	GlobalSection(ProjectConfigurationPlatforms) = postSolution
		{EF7B152D-7B1D-4260-BD6A-CBAD9F3283C3}.Debug|Any CPU.ActiveCfg = Debug|Any CPU
		{EF7B152D-7B1D-4260-BD6A-CBAD9F3283C3}.Debug|Any CPU.Build.0 = Debug|Any CPU
		{EF7B152D-7B1D-4260-BD6A-CBAD9F3283C3}.Release|Any CPU.ActiveCfg = Release|Any CPU
		{EF7B152D-7B1D-4260-BD6A-CBAD9F3283C3}.Release|Any CPU.Build.0 = Release|Any CPU
	EndGlobalSection
	GlobalSection(SolutionProperties) = preSolution
		HideSolutionNode = FALSE
	EndGlobalSection
	GlobalSection(ExtensibilityGlobals) = postSolution
		SolutionGuid = {B2F5B18C-E092-4ABA-8830-BB77177F623F}
	EndGlobalSection
EndGlobal
