
Microsoft Visual Studio Solution File, Format Version 12.00
# Visual Studio 15
VisualStudioVersion = 15.0.28307.421
MinimumVisualStudioVersion = 10.0.40219.1
Project("{FAE04EC0-301F-11D3-BF4B-00C04F79EFBC}") = "arbiter", "arbiter\arbiter.csproj", "{DCB3A39E-F291-4C7B-B0E2-90F93DF4F478}"
EndProject
Global
	GlobalSection(SolutionConfigurationPlatforms) = preSolution
		Debug|Any CPU = Debug|Any CPU
		Release|Any CPU = Release|Any CPU
	EndGlobalSection
	GlobalSection(ProjectConfigurationPlatforms) = postSolution
		{DCB3A39E-F291-4C7B-B0E2-90F93DF4F478}.Debug|Any CPU.ActiveCfg = Debug|Any CPU
		{DCB3A39E-F291-4C7B-B0E2-90F93DF4F478}.Debug|Any CPU.Build.0 = Debug|Any CPU
		{DCB3A39E-F291-4C7B-B0E2-90F93DF4F478}.Release|Any CPU.ActiveCfg = Release|Any CPU
		{DCB3A39E-F291-4C7B-B0E2-90F93DF4F478}.Release|Any CPU.Build.0 = Release|Any CPU
	EndGlobalSection
	GlobalSection(SolutionProperties) = preSolution
		HideSolutionNode = FALSE
	EndGlobalSection
	GlobalSection(ExtensibilityGlobals) = postSolution
		SolutionGuid = {7C689828-64A2-4C2D-8F03-14C0D049DEFB}
	EndGlobalSection
EndGlobal
